
Microsoft Visual Studio Solution File, Format Version 12.00
# Visual Studio Version 17
VisualStudioVersion = 17.9.34723.18
MinimumVisualStudioVersion = 10.0.40219.1
Project("{FAE04EC0-301F-11D3-BF4B-00C04F79EFBC}") = "Command_App", "Command_App\Command_App.csproj", "{E3C137A0-6085-44DF-A3C2-07106E0EEB20}"
EndProject
Global
	GlobalSection(SolutionConfigurationPlatforms) = preSolution
		Debug|Any CPU = Debug|Any CPU
		Release|Any CPU = Release|Any CPU
	EndGlobalSection
	GlobalSection(ProjectConfigurationPlatforms) = postSolution
		{E3C137A0-6085-44DF-A3C2-07106E0EEB20}.Debug|Any CPU.ActiveCfg = Debug|Any CPU
		{E3C137A0-6085-44DF-A3C2-07106E0EEB20}.Debug|Any CPU.Build.0 = Debug|Any CPU
		{E3C137A0-6085-44DF-A3C2-07106E0EEB20}.Release|Any CPU.ActiveCfg = Release|Any CPU
		{E3C137A0-6085-44DF-A3C2-07106E0EEB20}.Release|Any CPU.Build.0 = Release|Any CPU
	EndGlobalSection
	GlobalSection(SolutionProperties) = preSolution
		HideSolutionNode = FALSE
	EndGlobalSection
	GlobalSection(ExtensibilityGlobals) = postSolution
		SolutionGuid = {01EC85A0-EC81-4524-B7F7-B325420E9E75}
	EndGlobalSection
EndGlobal
